// !$*UTF8*$!
{
	archiveVersion = 1;
	classes = {
	};
	objectVersion = 56;
	objects = {

/* Begin PBXBuildFile section */
		F71338602D30145A00331DDE /* TVShowDetailView.swift in Sources */ = {isa = PBXBuildFile; fileRef = F713385F2D30145A00331DDE /* TVShowDetailView.swift */; };
		F71338622D30147200331DDE /* TVShowDetailViewModel.swift in Sources */ = {isa = PBXBuildFile; fileRef = F71338612D30147200331DDE /* TVShowDetailViewModel.swift */; };
		F71338642D30189300331DDE /* FetchTVShowSeasonsUseCase.swift in Sources */ = {isa = PBXBuildFile; fileRef = F71338632D30189300331DDE /* FetchTVShowSeasonsUseCase.swift */; };
		F71338662D30194F00331DDE /* TVShowSeason.swift in Sources */ = {isa = PBXBuildFile; fileRef = F71338652D30194F00331DDE /* TVShowSeason.swift */; };
		F71338682D3019DB00331DDE /* TVShowEpisodesRepositoryProtocol.swift in Sources */ = {isa = PBXBuildFile; fileRef = F71338672D3019DB00331DDE /* TVShowEpisodesRepositoryProtocol.swift */; };
		F713386A2D301A0900331DDE /* TVShowEpisodesRepository.swift in Sources */ = {isa = PBXBuildFile; fileRef = F71338692D301A0900331DDE /* TVShowEpisodesRepository.swift */; };
		F713386D2D301A2A00331DDE /* TVShowsEndpoint.swift in Sources */ = {isa = PBXBuildFile; fileRef = F713386C2D301A2A00331DDE /* TVShowsEndpoint.swift */; };
		F713386F2D301A4B00331DDE /* TVShowEpisodesEndpoint.swift in Sources */ = {isa = PBXBuildFile; fileRef = F713386E2D301A4B00331DDE /* TVShowEpisodesEndpoint.swift */; };
		F71338712D30218C00331DDE /* Episode.swift in Sources */ = {isa = PBXBuildFile; fileRef = F71338702D30218C00331DDE /* Episode.swift */; };
		F7DC14622D2F0AA100CADA62 /* TVMazeApp.swift in Sources */ = {isa = PBXBuildFile; fileRef = F7DC14612D2F0AA100CADA62 /* TVMazeApp.swift */; };
		F7DC14642D2F0AA100CADA62 /* ContentView.swift in Sources */ = {isa = PBXBuildFile; fileRef = F7DC14632D2F0AA100CADA62 /* ContentView.swift */; };
		F7DC14662D2F0AA200CADA62 /* Assets.xcassets in Resources */ = {isa = PBXBuildFile; fileRef = F7DC14652D2F0AA200CADA62 /* Assets.xcassets */; };
		F7DC14692D2F0AA200CADA62 /* Preview Assets.xcassets in Resources */ = {isa = PBXBuildFile; fileRef = F7DC14682D2F0AA200CADA62 /* Preview Assets.xcassets */; };
		F7DC14712D2F0BF000CADA62 /* NetworkClient.swift in Sources */ = {isa = PBXBuildFile; fileRef = F7DC14702D2F0BF000CADA62 /* NetworkClient.swift */; };
		F7DC14732D2F0C5100CADA62 /* NetworkError.swift in Sources */ = {isa = PBXBuildFile; fileRef = F7DC14722D2F0C5100CADA62 /* NetworkError.swift */; };
		F7DC14752D2F0CB900CADA62 /* Endpoint.swift in Sources */ = {isa = PBXBuildFile; fileRef = F7DC14742D2F0CB900CADA62 /* Endpoint.swift */; };
		F7DC14772D2F0CD800CADA62 /* HTTPClient.swift in Sources */ = {isa = PBXBuildFile; fileRef = F7DC14762D2F0CD800CADA62 /* HTTPClient.swift */; };
		F7DC147B2D2F119800CADA62 /* TVShow.swift in Sources */ = {isa = PBXBuildFile; fileRef = F7DC147A2D2F119800CADA62 /* TVShow.swift */; };
		F7DC147D2D2F216300CADA62 /* Schedule.swift in Sources */ = {isa = PBXBuildFile; fileRef = F7DC147C2D2F216300CADA62 /* Schedule.swift */; };
		F7DC147F2D2F218800CADA62 /* Rating.swift in Sources */ = {isa = PBXBuildFile; fileRef = F7DC147E2D2F218800CADA62 /* Rating.swift */; };
		F7DC14812D2F219700CADA62 /* Network.swift in Sources */ = {isa = PBXBuildFile; fileRef = F7DC14802D2F219700CADA62 /* Network.swift */; };
		F7DC14832D2F21B300CADA62 /* Country.swift in Sources */ = {isa = PBXBuildFile; fileRef = F7DC14822D2F21B300CADA62 /* Country.swift */; };
		F7DC14852D2F21ED00CADA62 /* WebChannel.swift in Sources */ = {isa = PBXBuildFile; fileRef = F7DC14842D2F21ED00CADA62 /* WebChannel.swift */; };
		F7DC14872D2F21FF00CADA62 /* Externals.swift in Sources */ = {isa = PBXBuildFile; fileRef = F7DC14862D2F21FF00CADA62 /* Externals.swift */; };
		F7DC14892D2F220F00CADA62 /* ShowImage.swift in Sources */ = {isa = PBXBuildFile; fileRef = F7DC14882D2F220F00CADA62 /* ShowImage.swift */; };
		F7DC148B2D2F223400CADA62 /* Links.swift in Sources */ = {isa = PBXBuildFile; fileRef = F7DC148A2D2F223400CADA62 /* Links.swift */; };
		F7DC148D2D2F224700CADA62 /* Link.swift in Sources */ = {isa = PBXBuildFile; fileRef = F7DC148C2D2F224700CADA62 /* Link.swift */; };
		F7DC14912D2F22CD00CADA62 /* FetchTVShowsUseCase.swift in Sources */ = {isa = PBXBuildFile; fileRef = F7DC14902D2F22CD00CADA62 /* FetchTVShowsUseCase.swift */; };
		F7DC14932D2F239300CADA62 /* TVShowsRepositoryProtocol.swift in Sources */ = {isa = PBXBuildFile; fileRef = F7DC14922D2F239300CADA62 /* TVShowsRepositoryProtocol.swift */; };
		F7DC14972D2F257F00CADA62 /* TVShowsRepository.swift in Sources */ = {isa = PBXBuildFile; fileRef = F7DC14962D2F257F00CADA62 /* TVShowsRepository.swift */; };
		F7DC149B2D2F264F00CADA62 /* TVShowsListView.swift in Sources */ = {isa = PBXBuildFile; fileRef = F7DC149A2D2F264F00CADA62 /* TVShowsListView.swift */; };
		F7DC149D2D2F265B00CADA62 /* TVShowsListViewModel.swift in Sources */ = {isa = PBXBuildFile; fileRef = F7DC149C2D2F265B00CADA62 /* TVShowsListViewModel.swift */; };
		F7DC14A02D2F2F8300CADA62 /* ViewDidLoadModifier.swift in Sources */ = {isa = PBXBuildFile; fileRef = F7DC149F2D2F2F8300CADA62 /* ViewDidLoadModifier.swift */; };
		F7DC14A42D2F3DF700CADA62 /* RemoteImage.swift in Sources */ = {isa = PBXBuildFile; fileRef = F7DC14A32D2F3DF700CADA62 /* RemoteImage.swift */; };
/* End PBXBuildFile section */

/* Begin PBXFileReference section */
		F713385F2D30145A00331DDE /* TVShowDetailView.swift */ = {isa = PBXFileReference; lastKnownFileType = sourcecode.swift; path = TVShowDetailView.swift; sourceTree = "<group>"; };
		F71338612D30147200331DDE /* TVShowDetailViewModel.swift */ = {isa = PBXFileReference; lastKnownFileType = sourcecode.swift; path = TVShowDetailViewModel.swift; sourceTree = "<group>"; };
		F71338632D30189300331DDE /* FetchTVShowSeasonsUseCase.swift */ = {isa = PBXFileReference; lastKnownFileType = sourcecode.swift; path = FetchTVShowSeasonsUseCase.swift; sourceTree = "<group>"; };
		F71338652D30194F00331DDE /* TVShowSeason.swift */ = {isa = PBXFileReference; lastKnownFileType = sourcecode.swift; path = TVShowSeason.swift; sourceTree = "<group>"; };
		F71338672D3019DB00331DDE /* TVShowEpisodesRepositoryProtocol.swift */ = {isa = PBXFileReference; lastKnownFileType = sourcecode.swift; path = TVShowEpisodesRepositoryProtocol.swift; sourceTree = "<group>"; };
		F71338692D301A0900331DDE /* TVShowEpisodesRepository.swift */ = {isa = PBXFileReference; lastKnownFileType = sourcecode.swift; path = TVShowEpisodesRepository.swift; sourceTree = "<group>"; };
		F713386C2D301A2A00331DDE /* TVShowsEndpoint.swift */ = {isa = PBXFileReference; lastKnownFileType = sourcecode.swift; path = TVShowsEndpoint.swift; sourceTree = "<group>"; };
		F713386E2D301A4B00331DDE /* TVShowEpisodesEndpoint.swift */ = {isa = PBXFileReference; lastKnownFileType = sourcecode.swift; path = TVShowEpisodesEndpoint.swift; sourceTree = "<group>"; };
		F71338702D30218C00331DDE /* Episode.swift */ = {isa = PBXFileReference; lastKnownFileType = sourcecode.swift; path = Episode.swift; sourceTree = "<group>"; };
		F7DC145E2D2F0AA100CADA62 /* TVMaze.app */ = {isa = PBXFileReference; explicitFileType = wrapper.application; includeInIndex = 0; path = TVMaze.app; sourceTree = BUILT_PRODUCTS_DIR; };
		F7DC14612D2F0AA100CADA62 /* TVMazeApp.swift */ = {isa = PBXFileReference; lastKnownFileType = sourcecode.swift; path = TVMazeApp.swift; sourceTree = "<group>"; };
		F7DC14632D2F0AA100CADA62 /* ContentView.swift */ = {isa = PBXFileReference; lastKnownFileType = sourcecode.swift; path = ContentView.swift; sourceTree = "<group>"; };
		F7DC14652D2F0AA200CADA62 /* Assets.xcassets */ = {isa = PBXFileReference; lastKnownFileType = folder.assetcatalog; path = Assets.xcassets; sourceTree = "<group>"; };
		F7DC14682D2F0AA200CADA62 /* Preview Assets.xcassets */ = {isa = PBXFileReference; lastKnownFileType = folder.assetcatalog; path = "Preview Assets.xcassets"; sourceTree = "<group>"; };
		F7DC14702D2F0BF000CADA62 /* NetworkClient.swift */ = {isa = PBXFileReference; lastKnownFileType = sourcecode.swift; path = NetworkClient.swift; sourceTree = "<group>"; };
		F7DC14722D2F0C5100CADA62 /* NetworkError.swift */ = {isa = PBXFileReference; lastKnownFileType = sourcecode.swift; path = NetworkError.swift; sourceTree = "<group>"; };
		F7DC14742D2F0CB900CADA62 /* Endpoint.swift */ = {isa = PBXFileReference; lastKnownFileType = sourcecode.swift; path = Endpoint.swift; sourceTree = "<group>"; };
		F7DC14762D2F0CD800CADA62 /* HTTPClient.swift */ = {isa = PBXFileReference; lastKnownFileType = sourcecode.swift; path = HTTPClient.swift; sourceTree = "<group>"; };
		F7DC147A2D2F119800CADA62 /* TVShow.swift */ = {isa = PBXFileReference; lastKnownFileType = sourcecode.swift; path = TVShow.swift; sourceTree = "<group>"; };
		F7DC147C2D2F216300CADA62 /* Schedule.swift */ = {isa = PBXFileReference; lastKnownFileType = sourcecode.swift; path = Schedule.swift; sourceTree = "<group>"; };
		F7DC147E2D2F218800CADA62 /* Rating.swift */ = {isa = PBXFileReference; lastKnownFileType = sourcecode.swift; path = Rating.swift; sourceTree = "<group>"; };
		F7DC14802D2F219700CADA62 /* Network.swift */ = {isa = PBXFileReference; lastKnownFileType = sourcecode.swift; path = Network.swift; sourceTree = "<group>"; };
		F7DC14822D2F21B300CADA62 /* Country.swift */ = {isa = PBXFileReference; lastKnownFileType = sourcecode.swift; path = Country.swift; sourceTree = "<group>"; };
		F7DC14842D2F21ED00CADA62 /* WebChannel.swift */ = {isa = PBXFileReference; lastKnownFileType = sourcecode.swift; path = WebChannel.swift; sourceTree = "<group>"; };
		F7DC14862D2F21FF00CADA62 /* Externals.swift */ = {isa = PBXFileReference; lastKnownFileType = sourcecode.swift; path = Externals.swift; sourceTree = "<group>"; };
		F7DC14882D2F220F00CADA62 /* ShowImage.swift */ = {isa = PBXFileReference; lastKnownFileType = sourcecode.swift; path = ShowImage.swift; sourceTree = "<group>"; };
		F7DC148A2D2F223400CADA62 /* Links.swift */ = {isa = PBXFileReference; lastKnownFileType = sourcecode.swift; path = Links.swift; sourceTree = "<group>"; };
		F7DC148C2D2F224700CADA62 /* Link.swift */ = {isa = PBXFileReference; lastKnownFileType = sourcecode.swift; path = Link.swift; sourceTree = "<group>"; };
		F7DC14902D2F22CD00CADA62 /* FetchTVShowsUseCase.swift */ = {isa = PBXFileReference; lastKnownFileType = sourcecode.swift; path = FetchTVShowsUseCase.swift; sourceTree = "<group>"; };
		F7DC14922D2F239300CADA62 /* TVShowsRepositoryProtocol.swift */ = {isa = PBXFileReference; lastKnownFileType = sourcecode.swift; path = TVShowsRepositoryProtocol.swift; sourceTree = "<group>"; };
		F7DC14962D2F257F00CADA62 /* TVShowsRepository.swift */ = {isa = PBXFileReference; lastKnownFileType = sourcecode.swift; path = TVShowsRepository.swift; sourceTree = "<group>"; };
		F7DC149A2D2F264F00CADA62 /* TVShowsListView.swift */ = {isa = PBXFileReference; lastKnownFileType = sourcecode.swift; path = TVShowsListView.swift; sourceTree = "<group>"; };
		F7DC149C2D2F265B00CADA62 /* TVShowsListViewModel.swift */ = {isa = PBXFileReference; lastKnownFileType = sourcecode.swift; path = TVShowsListViewModel.swift; sourceTree = "<group>"; };
		F7DC149F2D2F2F8300CADA62 /* ViewDidLoadModifier.swift */ = {isa = PBXFileReference; lastKnownFileType = sourcecode.swift; path = ViewDidLoadModifier.swift; sourceTree = "<group>"; };
		F7DC14A32D2F3DF700CADA62 /* RemoteImage.swift */ = {isa = PBXFileReference; lastKnownFileType = sourcecode.swift; path = RemoteImage.swift; sourceTree = "<group>"; };
/* End PBXFileReference section */

/* Begin PBXFrameworksBuildPhase section */
		F7DC145B2D2F0AA100CADA62 /* Frameworks */ = {
			isa = PBXFrameworksBuildPhase;
			buildActionMask = 2147483647;
			files = (
			);
			runOnlyForDeploymentPostprocessing = 0;
		};
/* End PBXFrameworksBuildPhase section */

/* Begin PBXGroup section */
		F713385E2D30143D00331DDE /* TVShowDetail */ = {
			isa = PBXGroup;
			children = (
				F713385F2D30145A00331DDE /* TVShowDetailView.swift */,
				F71338612D30147200331DDE /* TVShowDetailViewModel.swift */,
			);
			path = TVShowDetail;
			sourceTree = "<group>";
		};
		F713386B2D301A1E00331DDE /* Endpoint */ = {
			isa = PBXGroup;
			children = (
				F713386C2D301A2A00331DDE /* TVShowsEndpoint.swift */,
				F713386E2D301A4B00331DDE /* TVShowEpisodesEndpoint.swift */,
			);
			path = Endpoint;
			sourceTree = "<group>";
		};
		F7DC14552D2F0AA100CADA62 = {
			isa = PBXGroup;
			children = (
				F7DC14602D2F0AA100CADA62 /* TVMaze */,
				F7DC145F2D2F0AA100CADA62 /* Products */,
			);
			sourceTree = "<group>";
		};
		F7DC145F2D2F0AA100CADA62 /* Products */ = {
			isa = PBXGroup;
			children = (
				F7DC145E2D2F0AA100CADA62 /* TVMaze.app */,
			);
			name = Products;
			sourceTree = "<group>";
		};
		F7DC14602D2F0AA100CADA62 /* TVMaze */ = {
			isa = PBXGroup;
			children = (
				F7DC149E2D2F2F7100CADA62 /* Utils */,
				F7DC14982D2F263100CADA62 /* Presentation */,
				F7DC146F2D2F0B8F00CADA62 /* Data */,
				F7DC14782D2F108A00CADA62 /* Domain */,
				F7DC14612D2F0AA100CADA62 /* TVMazeApp.swift */,
				F7DC14632D2F0AA100CADA62 /* ContentView.swift */,
				F7DC14652D2F0AA200CADA62 /* Assets.xcassets */,
				F7DC14672D2F0AA200CADA62 /* Preview Content */,
			);
			path = TVMaze;
			sourceTree = "<group>";
		};
		F7DC14672D2F0AA200CADA62 /* Preview Content */ = {
			isa = PBXGroup;
			children = (
				F7DC14682D2F0AA200CADA62 /* Preview Assets.xcassets */,
			);
			path = "Preview Content";
			sourceTree = "<group>";
		};
		F7DC146F2D2F0B8F00CADA62 /* Data */ = {
			isa = PBXGroup;
			children = (
				F713386B2D301A1E00331DDE /* Endpoint */,
				F7DC14952D2F257000CADA62 /* Repository */,
				F7DC14942D2F256000CADA62 /* DataSource */,
			);
			path = Data;
			sourceTree = "<group>";
		};
		F7DC14782D2F108A00CADA62 /* Domain */ = {
			isa = PBXGroup;
			children = (
				F7DC148F2D2F22B600CADA62 /* UseCase */,
				F7DC148E2D2F22A700CADA62 /* Repository */,
				F7DC14792D2F118B00CADA62 /* Model */,
			);
			path = Domain;
			sourceTree = "<group>";
		};
		F7DC14792D2F118B00CADA62 /* Model */ = {
			isa = PBXGroup;
			children = (
				F7DC147A2D2F119800CADA62 /* TVShow.swift */,
				F7DC147C2D2F216300CADA62 /* Schedule.swift */,
				F7DC147E2D2F218800CADA62 /* Rating.swift */,
				F7DC14802D2F219700CADA62 /* Network.swift */,
				F7DC14822D2F21B300CADA62 /* Country.swift */,
				F7DC14842D2F21ED00CADA62 /* WebChannel.swift */,
				F7DC14862D2F21FF00CADA62 /* Externals.swift */,
				F7DC14882D2F220F00CADA62 /* ShowImage.swift */,
				F7DC148A2D2F223400CADA62 /* Links.swift */,
				F7DC148C2D2F224700CADA62 /* Link.swift */,
				F71338652D30194F00331DDE /* TVShowSeason.swift */,
				F71338702D30218C00331DDE /* Episode.swift */,
			);
			path = Model;
			sourceTree = "<group>";
		};
		F7DC148E2D2F22A700CADA62 /* Repository */ = {
			isa = PBXGroup;
			children = (
				F7DC14922D2F239300CADA62 /* TVShowsRepositoryProtocol.swift */,
				F71338672D3019DB00331DDE /* TVShowEpisodesRepositoryProtocol.swift */,
			);
			path = Repository;
			sourceTree = "<group>";
		};
		F7DC148F2D2F22B600CADA62 /* UseCase */ = {
			isa = PBXGroup;
			children = (
				F7DC14902D2F22CD00CADA62 /* FetchTVShowsUseCase.swift */,
				F71338632D30189300331DDE /* FetchTVShowSeasonsUseCase.swift */,
			);
			path = UseCase;
			sourceTree = "<group>";
		};
		F7DC14942D2F256000CADA62 /* DataSource */ = {
			isa = PBXGroup;
			children = (
				F7DC14702D2F0BF000CADA62 /* NetworkClient.swift */,
				F7DC14722D2F0C5100CADA62 /* NetworkError.swift */,
				F7DC14742D2F0CB900CADA62 /* Endpoint.swift */,
				F7DC14762D2F0CD800CADA62 /* HTTPClient.swift */,
			);
			path = DataSource;
			sourceTree = "<group>";
		};
		F7DC14952D2F257000CADA62 /* Repository */ = {
			isa = PBXGroup;
			children = (
				F7DC14962D2F257F00CADA62 /* TVShowsRepository.swift */,
				F71338692D301A0900331DDE /* TVShowEpisodesRepository.swift */,
			);
			path = Repository;
			sourceTree = "<group>";
		};
		F7DC14982D2F263100CADA62 /* Presentation */ = {
			isa = PBXGroup;
			children = (
				F713385E2D30143D00331DDE /* TVShowDetail */,
				F7DC14992D2F263D00CADA62 /* TVShowsList */,
			);
			path = Presentation;
			sourceTree = "<group>";
		};
		F7DC14992D2F263D00CADA62 /* TVShowsList */ = {
			isa = PBXGroup;
			children = (
				F7DC149A2D2F264F00CADA62 /* TVShowsListView.swift */,
				F7DC149C2D2F265B00CADA62 /* TVShowsListViewModel.swift */,
			);
			path = TVShowsList;
			sourceTree = "<group>";
		};
		F7DC149E2D2F2F7100CADA62 /* Utils */ = {
			isa = PBXGroup;
			children = (
				F7DC149F2D2F2F8300CADA62 /* ViewDidLoadModifier.swift */,
				F7DC14A32D2F3DF700CADA62 /* RemoteImage.swift */,
			);
			path = Utils;
			sourceTree = "<group>";
		};
/* End PBXGroup section */

/* Begin PBXNativeTarget section */
		F7DC145D2D2F0AA100CADA62 /* TVMaze */ = {
			isa = PBXNativeTarget;
			buildConfigurationList = F7DC146C2D2F0AA200CADA62 /* Build configuration list for PBXNativeTarget "TVMaze" */;
			buildPhases = (
				F7DC145A2D2F0AA100CADA62 /* Sources */,
				F7DC145B2D2F0AA100CADA62 /* Frameworks */,
				F7DC145C2D2F0AA100CADA62 /* Resources */,
			);
			buildRules = (
			);
			dependencies = (
			);
			name = TVMaze;
			productName = TVMaze;
			productReference = F7DC145E2D2F0AA100CADA62 /* TVMaze.app */;
			productType = "com.apple.product-type.application";
		};
/* End PBXNativeTarget section */

/* Begin PBXProject section */
		F7DC14562D2F0AA100CADA62 /* Project object */ = {
			isa = PBXProject;
			attributes = {
				BuildIndependentTargetsInParallel = 1;
				LastSwiftUpdateCheck = 1520;
				LastUpgradeCheck = 1520;
				TargetAttributes = {
					F7DC145D2D2F0AA100CADA62 = {
						CreatedOnToolsVersion = 15.2;
					};
				};
			};
			buildConfigurationList = F7DC14592D2F0AA100CADA62 /* Build configuration list for PBXProject "TVMaze" */;
			compatibilityVersion = "Xcode 14.0";
			developmentRegion = en;
			hasScannedForEncodings = 0;
			knownRegions = (
				en,
				Base,
			);
			mainGroup = F7DC14552D2F0AA100CADA62;
			productRefGroup = F7DC145F2D2F0AA100CADA62 /* Products */;
			projectDirPath = "";
			projectRoot = "";
			targets = (
				F7DC145D2D2F0AA100CADA62 /* TVMaze */,
			);
		};
/* End PBXProject section */

/* Begin PBXResourcesBuildPhase section */
		F7DC145C2D2F0AA100CADA62 /* Resources */ = {
			isa = PBXResourcesBuildPhase;
			buildActionMask = 2147483647;
			files = (
				F7DC14692D2F0AA200CADA62 /* Preview Assets.xcassets in Resources */,
				F7DC14662D2F0AA200CADA62 /* Assets.xcassets in Resources */,
			);
			runOnlyForDeploymentPostprocessing = 0;
		};
/* End PBXResourcesBuildPhase section */

/* Begin PBXSourcesBuildPhase section */
		F7DC145A2D2F0AA100CADA62 /* Sources */ = {
			isa = PBXSourcesBuildPhase;
			buildActionMask = 2147483647;
			files = (
				F71338642D30189300331DDE /* FetchTVShowSeasonsUseCase.swift in Sources */,
				F7DC14932D2F239300CADA62 /* TVShowsRepositoryProtocol.swift in Sources */,
				F7DC14812D2F219700CADA62 /* Network.swift in Sources */,
				F71338682D3019DB00331DDE /* TVShowEpisodesRepositoryProtocol.swift in Sources */,
				F7DC14642D2F0AA100CADA62 /* ContentView.swift in Sources */,
				F713386D2D301A2A00331DDE /* TVShowsEndpoint.swift in Sources */,
				F7DC14732D2F0C5100CADA62 /* NetworkError.swift in Sources */,
				F7DC148D2D2F224700CADA62 /* Link.swift in Sources */,
				F7DC14772D2F0CD800CADA62 /* HTTPClient.swift in Sources */,
				F7DC14892D2F220F00CADA62 /* ShowImage.swift in Sources */,
				F713386A2D301A0900331DDE /* TVShowEpisodesRepository.swift in Sources */,
				F7DC147B2D2F119800CADA62 /* TVShow.swift in Sources */,
				F7DC14622D2F0AA100CADA62 /* TVMazeApp.swift in Sources */,
				F7DC14852D2F21ED00CADA62 /* WebChannel.swift in Sources */,
				F7DC14712D2F0BF000CADA62 /* NetworkClient.swift in Sources */,
				F7DC14872D2F21FF00CADA62 /* Externals.swift in Sources */,
				F7DC14A02D2F2F8300CADA62 /* ViewDidLoadModifier.swift in Sources */,
				F71338712D30218C00331DDE /* Episode.swift in Sources */,
				F7DC148B2D2F223400CADA62 /* Links.swift in Sources */,
				F7DC149B2D2F264F00CADA62 /* TVShowsListView.swift in Sources */,
				F7DC14832D2F21B300CADA62 /* Country.swift in Sources */,
				F7DC147F2D2F218800CADA62 /* Rating.swift in Sources */,
				F713386F2D301A4B00331DDE /* TVShowEpisodesEndpoint.swift in Sources */,
				F7DC149D2D2F265B00CADA62 /* TVShowsListViewModel.swift in Sources */,
				F71338662D30194F00331DDE /* TVShowSeason.swift in Sources */,
				F71338602D30145A00331DDE /* TVShowDetailView.swift in Sources */,
				F7DC147D2D2F216300CADA62 /* Schedule.swift in Sources */,
				F71338622D30147200331DDE /* TVShowDetailViewModel.swift in Sources */,
				F7DC14912D2F22CD00CADA62 /* FetchTVShowsUseCase.swift in Sources */,
				F7DC14A42D2F3DF700CADA62 /* RemoteImage.swift in Sources */,
				F7DC14752D2F0CB900CADA62 /* Endpoint.swift in Sources */,
				F7DC14972D2F257F00CADA62 /* TVShowsRepository.swift in Sources */,
			);
			runOnlyForDeploymentPostprocessing = 0;
		};
/* End PBXSourcesBuildPhase section */

/* Begin XCBuildConfiguration section */
		F7DC146A2D2F0AA200CADA62 /* Debug */ = {
			isa = XCBuildConfiguration;
			buildSettings = {
				ALWAYS_SEARCH_USER_PATHS = NO;
				ASSETCATALOG_COMPILER_GENERATE_SWIFT_ASSET_SYMBOL_EXTENSIONS = YES;
				CLANG_ANALYZER_NONNULL = YES;
				CLANG_ANALYZER_NUMBER_OBJECT_CONVERSION = YES_AGGRESSIVE;
				CLANG_CXX_LANGUAGE_STANDARD = "gnu++20";
				CLANG_ENABLE_MODULES = YES;
				CLANG_ENABLE_OBJC_ARC = YES;
				CLANG_ENABLE_OBJC_WEAK = YES;
				CLANG_WARN_BLOCK_CAPTURE_AUTORELEASING = YES;
				CLANG_WARN_BOOL_CONVERSION = YES;
				CLANG_WARN_COMMA = YES;
				CLANG_WARN_CONSTANT_CONVERSION = YES;
				CLANG_WARN_DEPRECATED_OBJC_IMPLEMENTATIONS = YES;
				CLANG_WARN_DIRECT_OBJC_ISA_USAGE = YES_ERROR;
				CLANG_WARN_DOCUMENTATION_COMMENTS = YES;
				CLANG_WARN_EMPTY_BODY = YES;
				CLANG_WARN_ENUM_CONVERSION = YES;
				CLANG_WARN_INFINITE_RECURSION = YES;
				CLANG_WARN_INT_CONVERSION = YES;
				CLANG_WARN_NON_LITERAL_NULL_CONVERSION = YES;
				CLANG_WARN_OBJC_IMPLICIT_RETAIN_SELF = YES;
				CLANG_WARN_OBJC_LITERAL_CONVERSION = YES;
				CLANG_WARN_OBJC_ROOT_CLASS = YES_ERROR;
				CLANG_WARN_QUOTED_INCLUDE_IN_FRAMEWORK_HEADER = YES;
				CLANG_WARN_RANGE_LOOP_ANALYSIS = YES;
				CLANG_WARN_STRICT_PROTOTYPES = YES;
				CLANG_WARN_SUSPICIOUS_MOVE = YES;
				CLANG_WARN_UNGUARDED_AVAILABILITY = YES_AGGRESSIVE;
				CLANG_WARN_UNREACHABLE_CODE = YES;
				CLANG_WARN__DUPLICATE_METHOD_MATCH = YES;
				COPY_PHASE_STRIP = NO;
				DEBUG_INFORMATION_FORMAT = dwarf;
				ENABLE_STRICT_OBJC_MSGSEND = YES;
				ENABLE_TESTABILITY = YES;
				ENABLE_USER_SCRIPT_SANDBOXING = YES;
				GCC_C_LANGUAGE_STANDARD = gnu17;
				GCC_DYNAMIC_NO_PIC = NO;
				GCC_NO_COMMON_BLOCKS = YES;
				GCC_OPTIMIZATION_LEVEL = 0;
				GCC_PREPROCESSOR_DEFINITIONS = (
					"DEBUG=1",
					"$(inherited)",
				);
				GCC_WARN_64_TO_32_BIT_CONVERSION = YES;
				GCC_WARN_ABOUT_RETURN_TYPE = YES_ERROR;
				GCC_WARN_UNDECLARED_SELECTOR = YES;
				GCC_WARN_UNINITIALIZED_AUTOS = YES_AGGRESSIVE;
				GCC_WARN_UNUSED_FUNCTION = YES;
				GCC_WARN_UNUSED_VARIABLE = YES;
				IPHONEOS_DEPLOYMENT_TARGET = 17.2;
				LOCALIZATION_PREFERS_STRING_CATALOGS = YES;
				MTL_ENABLE_DEBUG_INFO = INCLUDE_SOURCE;
				MTL_FAST_MATH = YES;
				ONLY_ACTIVE_ARCH = YES;
				SDKROOT = iphoneos;
				SWIFT_ACTIVE_COMPILATION_CONDITIONS = "DEBUG $(inherited)";
				SWIFT_OPTIMIZATION_LEVEL = "-Onone";
			};
			name = Debug;
		};
		F7DC146B2D2F0AA200CADA62 /* Release */ = {
			isa = XCBuildConfiguration;
			buildSettings = {
				ALWAYS_SEARCH_USER_PATHS = NO;
				ASSETCATALOG_COMPILER_GENERATE_SWIFT_ASSET_SYMBOL_EXTENSIONS = YES;
				CLANG_ANALYZER_NONNULL = YES;
				CLANG_ANALYZER_NUMBER_OBJECT_CONVERSION = YES_AGGRESSIVE;
				CLANG_CXX_LANGUAGE_STANDARD = "gnu++20";
				CLANG_ENABLE_MODULES = YES;
				CLANG_ENABLE_OBJC_ARC = YES;
				CLANG_ENABLE_OBJC_WEAK = YES;
				CLANG_WARN_BLOCK_CAPTURE_AUTORELEASING = YES;
				CLANG_WARN_BOOL_CONVERSION = YES;
				CLANG_WARN_COMMA = YES;
				CLANG_WARN_CONSTANT_CONVERSION = YES;
				CLANG_WARN_DEPRECATED_OBJC_IMPLEMENTATIONS = YES;
				CLANG_WARN_DIRECT_OBJC_ISA_USAGE = YES_ERROR;
				CLANG_WARN_DOCUMENTATION_COMMENTS = YES;
				CLANG_WARN_EMPTY_BODY = YES;
				CLANG_WARN_ENUM_CONVERSION = YES;
				CLANG_WARN_INFINITE_RECURSION = YES;
				CLANG_WARN_INT_CONVERSION = YES;
				CLANG_WARN_NON_LITERAL_NULL_CONVERSION = YES;
				CLANG_WARN_OBJC_IMPLICIT_RETAIN_SELF = YES;
				CLANG_WARN_OBJC_LITERAL_CONVERSION = YES;
				CLANG_WARN_OBJC_ROOT_CLASS = YES_ERROR;
				CLANG_WARN_QUOTED_INCLUDE_IN_FRAMEWORK_HEADER = YES;
				CLANG_WARN_RANGE_LOOP_ANALYSIS = YES;
				CLANG_WARN_STRICT_PROTOTYPES = YES;
				CLANG_WARN_SUSPICIOUS_MOVE = YES;
				CLANG_WARN_UNGUARDED_AVAILABILITY = YES_AGGRESSIVE;
				CLANG_WARN_UNREACHABLE_CODE = YES;
				CLANG_WARN__DUPLICATE_METHOD_MATCH = YES;
				COPY_PHASE_STRIP = NO;
				DEBUG_INFORMATION_FORMAT = "dwarf-with-dsym";
				ENABLE_NS_ASSERTIONS = NO;
				ENABLE_STRICT_OBJC_MSGSEND = YES;
				ENABLE_USER_SCRIPT_SANDBOXING = YES;
				GCC_C_LANGUAGE_STANDARD = gnu17;
				GCC_NO_COMMON_BLOCKS = YES;
				GCC_WARN_64_TO_32_BIT_CONVERSION = YES;
				GCC_WARN_ABOUT_RETURN_TYPE = YES_ERROR;
				GCC_WARN_UNDECLARED_SELECTOR = YES;
				GCC_WARN_UNINITIALIZED_AUTOS = YES_AGGRESSIVE;
				GCC_WARN_UNUSED_FUNCTION = YES;
				GCC_WARN_UNUSED_VARIABLE = YES;
				IPHONEOS_DEPLOYMENT_TARGET = 17.2;
				LOCALIZATION_PREFERS_STRING_CATALOGS = YES;
				MTL_ENABLE_DEBUG_INFO = NO;
				MTL_FAST_MATH = YES;
				SDKROOT = iphoneos;
				SWIFT_COMPILATION_MODE = wholemodule;
				VALIDATE_PRODUCT = YES;
			};
			name = Release;
		};
		F7DC146D2D2F0AA200CADA62 /* Debug */ = {
			isa = XCBuildConfiguration;
			buildSettings = {
				ASSETCATALOG_COMPILER_APPICON_NAME = AppIcon;
				ASSETCATALOG_COMPILER_GLOBAL_ACCENT_COLOR_NAME = AccentColor;
				CODE_SIGN_STYLE = Automatic;
				CURRENT_PROJECT_VERSION = 1;
				DEVELOPMENT_ASSET_PATHS = "\"TVMaze/Preview Content\"";
				DEVELOPMENT_TEAM = JA3K44V4L9;
				ENABLE_PREVIEWS = YES;
				GENERATE_INFOPLIST_FILE = YES;
				INFOPLIST_KEY_UIApplicationSceneManifest_Generation = YES;
				INFOPLIST_KEY_UIApplicationSupportsIndirectInputEvents = YES;
				INFOPLIST_KEY_UILaunchScreen_Generation = YES;
				INFOPLIST_KEY_UISupportedInterfaceOrientations_iPad = "UIInterfaceOrientationPortrait UIInterfaceOrientationPortraitUpsideDown UIInterfaceOrientationLandscapeLeft UIInterfaceOrientationLandscapeRight";
				INFOPLIST_KEY_UISupportedInterfaceOrientations_iPhone = "UIInterfaceOrientationPortrait UIInterfaceOrientationLandscapeLeft UIInterfaceOrientationLandscapeRight";
				LD_RUNPATH_SEARCH_PATHS = (
					"$(inherited)",
					"@executable_path/Frameworks",
				);
				MARKETING_VERSION = 1.0;
				PRODUCT_BUNDLE_IDENTIFIER = kilmer.TVMaze;
				PRODUCT_NAME = "$(TARGET_NAME)";
				SWIFT_EMIT_LOC_STRINGS = YES;
				SWIFT_VERSION = 5.0;
				TARGETED_DEVICE_FAMILY = "1,2";
			};
			name = Debug;
		};
		F7DC146E2D2F0AA200CADA62 /* Release */ = {
			isa = XCBuildConfiguration;
			buildSettings = {
				ASSETCATALOG_COMPILER_APPICON_NAME = AppIcon;
				ASSETCATALOG_COMPILER_GLOBAL_ACCENT_COLOR_NAME = AccentColor;
				CODE_SIGN_STYLE = Automatic;
				CURRENT_PROJECT_VERSION = 1;
				DEVELOPMENT_ASSET_PATHS = "\"TVMaze/Preview Content\"";
				DEVELOPMENT_TEAM = JA3K44V4L9;
				ENABLE_PREVIEWS = YES;
				GENERATE_INFOPLIST_FILE = YES;
				INFOPLIST_KEY_UIApplicationSceneManifest_Generation = YES;
				INFOPLIST_KEY_UIApplicationSupportsIndirectInputEvents = YES;
				INFOPLIST_KEY_UILaunchScreen_Generation = YES;
				INFOPLIST_KEY_UISupportedInterfaceOrientations_iPad = "UIInterfaceOrientationPortrait UIInterfaceOrientationPortraitUpsideDown UIInterfaceOrientationLandscapeLeft UIInterfaceOrientationLandscapeRight";
				INFOPLIST_KEY_UISupportedInterfaceOrientations_iPhone = "UIInterfaceOrientationPortrait UIInterfaceOrientationLandscapeLeft UIInterfaceOrientationLandscapeRight";
				LD_RUNPATH_SEARCH_PATHS = (
					"$(inherited)",
					"@executable_path/Frameworks",
				);
				MARKETING_VERSION = 1.0;
				PRODUCT_BUNDLE_IDENTIFIER = kilmer.TVMaze;
				PRODUCT_NAME = "$(TARGET_NAME)";
				SWIFT_EMIT_LOC_STRINGS = YES;
				SWIFT_VERSION = 5.0;
				TARGETED_DEVICE_FAMILY = "1,2";
			};
			name = Release;
		};
/* End XCBuildConfiguration section */

/* Begin XCConfigurationList section */
		F7DC14592D2F0AA100CADA62 /* Build configuration list for PBXProject "TVMaze" */ = {
			isa = XCConfigurationList;
			buildConfigurations = (
				F7DC146A2D2F0AA200CADA62 /* Debug */,
				F7DC146B2D2F0AA200CADA62 /* Release */,
			);
			defaultConfigurationIsVisible = 0;
			defaultConfigurationName = Release;
		};
		F7DC146C2D2F0AA200CADA62 /* Build configuration list for PBXNativeTarget "TVMaze" */ = {
			isa = XCConfigurationList;
			buildConfigurations = (
				F7DC146D2D2F0AA200CADA62 /* Debug */,
				F7DC146E2D2F0AA200CADA62 /* Release */,
			);
			defaultConfigurationIsVisible = 0;
			defaultConfigurationName = Release;
		};
/* End XCConfigurationList section */
	};
	rootObject = F7DC14562D2F0AA100CADA62 /* Project object */;
}
